{
  "requires": true,
  "lockfileVersion": 1,
  "dependencies": {
    "moment": {
      "version": "2.29.1",
      "resolved": "https://registry.npmjs.org/moment/-/moment-2.29.1.tgz",
      "integrity": "sha512-kHmoybcPV8Sqy59DwNDY3Jefr64lK/by/da0ViFcuA4DH0vQg5Q6Ze5VimxkfQNSC+Mls/Kx53s7TjP1RhFEDQ=="
    },
    "react-moment": {
      "version": "1.0.0",
      "resolved": "https://registry.npmjs.org/react-moment/-/react-moment-1.0.0.tgz",
      "integrity": "sha512-J4iIiwUT4oZcL7cp2U7naQKbQtqvmzGXXBMg/DLj+Pi7n9EW0VhBRx/1aJ1Tp2poCqTCAPoadLEoUIkReGnNNg=="
    }
  }
}
